
Microsoft Visual Studio Solution File, Format Version 12.00
# Visual Studio Version 17
VisualStudioVersion = 17.9.34728.123
MinimumVisualStudioVersion = 10.0.40219.1
Project("{FAE04EC0-301F-11D3-BF4B-00C04F79EFBC}") = "l5", "l5.csproj", "{AF56FA7E-2207-43F5-8A95-B9C22C3D9CED}"
EndProject
Global
	GlobalSection(SolutionConfigurationPlatforms) = preSolution
		Debug|Any CPU = Debug|Any CPU
		Release|Any CPU = Release|Any CPU
	EndGlobalSection
	GlobalSection(ProjectConfigurationPlatforms) = postSolution
		{AF56FA7E-2207-43F5-8A95-B9C22C3D9CED}.Debug|Any CPU.ActiveCfg = Debug|Any CPU
		{AF56FA7E-2207-43F5-8A95-B9C22C3D9CED}.Debug|Any CPU.Build.0 = Debug|Any CPU
		{AF56FA7E-2207-43F5-8A95-B9C22C3D9CED}.Release|Any CPU.ActiveCfg = Release|Any CPU
		{AF56FA7E-2207-43F5-8A95-B9C22C3D9CED}.Release|Any CPU.Build.0 = Release|Any CPU
	EndGlobalSection
	GlobalSection(SolutionProperties) = preSolution
		HideSolutionNode = FALSE
	EndGlobalSection
	GlobalSection(ExtensibilityGlobals) = postSolution
		SolutionGuid = {905A555F-56C1-4188-BA1A-C163428A9498}
	EndGlobalSection
EndGlobal
